{
  "name": "slack-bot",
  "version": "1.0.0",
  "lockfileVersion": 3,
  "requires": true,
  "packages": {
    "": {
      "name": "slack-bot",
      "version": "1.0.0",
      "dependencies": {
        "@slack/bolt": "^3.17.0"
      },
      "engines": {
        "node": "18.x"
      }
    },
    "node_modules/@slack/bolt": {
      "version": "3.17.0",
      "resolved": "https://registry.npmjs.org/@slack/bolt/-/bolt-3.17.0.tgz",
      "integrity": "sha512-example",
      "requires": {
        "@slack/logger": "^3.0.0",
        "@slack/oauth": "^2.6.0",
        "@slack/socket-mode": "^1.3.0",
        "@slack/types": "^2.11.0",
        "@slack/web-api": "^6.9.0",
        "@types/node": ">=12.0.0",
        "tsscmp": "^1.0.6"
      },
      "engines": {
        "node": ">=12.13.0"
      }
    },
    "node_modules/@slack/logger": {
      "version": "3.0.0",
      "resolved": "https://registry.npmjs.org/@slack/logger/-/logger-3.0.0.tgz",
      "integrity": "sha512-example",
      "engines": {
        "node": ">=12.13.0"
      }
    },
    "node_modules/@slack/oauth": {
      "version": "2.6.0",
      "resolved": "https://registry.npmjs.org/@slack/oauth/-/oauth-2.6.0.tgz",
      "integrity": "sha512-example",
      "requires": {
        "@slack/logger": "^3.0.0",
        "@slack/types": "^2.11.0",
        "@slack/web-api": "^6.9.0",
        "@types/node": ">=12.0.0"
      },
      "engines": {
        "node": ">=12.13.0"
      }
    },
    "node_modules/@slack/socket-mode": {
      "version": "1.3.0",
      "resolved": "https://registry.npmjs.org/@slack/socket-mode/-/socket-mode-1.3.0.tgz",
      "integrity": "sha512-example",
      "requires": {
        "@slack/logger": "^3.0.0",
        "@slack/types": "^2.11.0",
        "@types/node": ">=12.0.0"
      },
      "engines": {
        "node": ">=12.13.0"
      }
    },
    "node_modules/@slack/types": {
      "version": "2.11.0",
      "resolved": "https://registry.npmjs.org/@slack/types/-/types-2.11.0.tgz",
      "integrity": "sha512-example",
      "engines": {
        "node": ">=12.13.0"
      }
    },
    "node_modules/@slack/web-api": {
      "version": "6.9.0",
      "resolved": "https://registry.npmjs.org/@slack/web-api/-/web-api-6.9.0.tgz",
      "integrity": "sha512-example",
      "requires": {
        "@slack/logger": "^3.0.0",
        "@slack/types": "^2.11.0",
        "@types/node": ">=12.0.0"
      },
      "engines": {
        "node": ">=12.13.0"
      }
    },
    "node_modules/@types/node": {
      "version": "20.10.0",
      "resolved": "https://registry.npmjs.org/@types/node/-/node-20.10.0.tgz",
      "integrity": "sha512-example"
    },
    "node_modules/tsscmp": {
      "version": "1.0.6",
      "resolved": "https://registry.npmjs.org/tsscmp/-/tsscmp-1.0.6.tgz",
      "integrity": "sha512-example",
      "engines": {
        "node": ">=0.4.0"
      }
    }
  }
}
